
Microsoft Visual Studio Solution File, Format Version 12.00
# Visual Studio Version 16
VisualStudioVersion = 16.0.28803.916
MinimumVisualStudioVersion = 10.0.40219.1
Project("{FAE04EC0-301F-11D3-BF4B-00C04F79EFBC}") = "alterarcategoria", "alterarcategoria\alterarcategoria.csproj", "{9AA90897-7475-4385-B477-E5442BE9B3F3}"
EndProject
Global
	GlobalSection(SolutionConfigurationPlatforms) = preSolution
		Debug|Any CPU = Debug|Any CPU
		Release|Any CPU = Release|Any CPU
	EndGlobalSection
	GlobalSection(ProjectConfigurationPlatforms) = postSolution
		{9AA90897-7475-4385-B477-E5442BE9B3F3}.Debug|Any CPU.ActiveCfg = Debug|Any CPU
		{9AA90897-7475-4385-B477-E5442BE9B3F3}.Debug|Any CPU.Build.0 = Debug|Any CPU
		{9AA90897-7475-4385-B477-E5442BE9B3F3}.Release|Any CPU.ActiveCfg = Release|Any CPU
		{9AA90897-7475-4385-B477-E5442BE9B3F3}.Release|Any CPU.Build.0 = Release|Any CPU
	EndGlobalSection
	GlobalSection(SolutionProperties) = preSolution
		HideSolutionNode = FALSE
	EndGlobalSection
	GlobalSection(ExtensibilityGlobals) = postSolution
		SolutionGuid = {603FD113-27A9-4109-BD2A-AAEBBC6385B5}
	EndGlobalSection
EndGlobal
