
Microsoft Visual Studio Solution File, Format Version 12.00
# Visual Studio Version 16
VisualStudioVersion = 16.0.28803.916
MinimumVisualStudioVersion = 10.0.40219.1
Project("{FAE04EC0-301F-11D3-BF4B-00C04F79EFBC}") = "NEWSFATEC", "NEWSFATEC\NEWSFATEC.csproj", "{E4D5182A-D325-421D-B2FE-BF40C6DA5DD1}"
EndProject
Global
	GlobalSection(SolutionConfigurationPlatforms) = preSolution
		Debug|Any CPU = Debug|Any CPU
		Release|Any CPU = Release|Any CPU
	EndGlobalSection
	GlobalSection(ProjectConfigurationPlatforms) = postSolution
		{E4D5182A-D325-421D-B2FE-BF40C6DA5DD1}.Debug|Any CPU.ActiveCfg = Debug|Any CPU
		{E4D5182A-D325-421D-B2FE-BF40C6DA5DD1}.Debug|Any CPU.Build.0 = Debug|Any CPU
		{E4D5182A-D325-421D-B2FE-BF40C6DA5DD1}.Release|Any CPU.ActiveCfg = Release|Any CPU
		{E4D5182A-D325-421D-B2FE-BF40C6DA5DD1}.Release|Any CPU.Build.0 = Release|Any CPU
	EndGlobalSection
	GlobalSection(SolutionProperties) = preSolution
		HideSolutionNode = FALSE
	EndGlobalSection
	GlobalSection(ExtensibilityGlobals) = postSolution
		SolutionGuid = {FC1DB531-874B-481F-9C91-5313257C78E8}
	EndGlobalSection
EndGlobal
